// !$*UTF8*$!
{
	archiveVersion = 1;
	classes = {
	};
	objectVersion = 56;
	objects = {

/* Begin PBXBuildFile section */
		3574823A29FBCBA8008BC19B /* ActorOrCreatorListView.swift in Sources */ = {isa = PBXBuildFile; fileRef = 35BD2DF129FBACDA0092E7A9 /* ActorOrCreatorListView.swift */; };
		358EABA129F13789003A0A39 /* TheMovieSwiftUIApp.swift in Sources */ = {isa = PBXBuildFile; fileRef = 358EABA029F13789003A0A39 /* TheMovieSwiftUIApp.swift */; };
		358EABA329F13789003A0A39 /* ContentView.swift in Sources */ = {isa = PBXBuildFile; fileRef = 358EABA229F13789003A0A39 /* ContentView.swift */; };
		358EABA529F1378A003A0A39 /* Assets.xcassets in Resources */ = {isa = PBXBuildFile; fileRef = 358EABA429F1378A003A0A39 /* Assets.xcassets */; };
		358EABA829F1378A003A0A39 /* Preview Assets.xcassets in Resources */ = {isa = PBXBuildFile; fileRef = 358EABA729F1378A003A0A39 /* Preview Assets.xcassets */; };
		358EABB229F1378A003A0A39 /* TheMovieSwiftUITests.swift in Sources */ = {isa = PBXBuildFile; fileRef = 358EABB129F1378A003A0A39 /* TheMovieSwiftUITests.swift */; };
		358EABBC29F1378A003A0A39 /* TheMovieSwiftUIUITests.swift in Sources */ = {isa = PBXBuildFile; fileRef = 358EABBB29F1378A003A0A39 /* TheMovieSwiftUIUITests.swift */; };
		358EABBE29F1378A003A0A39 /* TheMovieSwiftUIUITestsLaunchTests.swift in Sources */ = {isa = PBXBuildFile; fileRef = 358EABBD29F1378A003A0A39 /* TheMovieSwiftUIUITestsLaunchTests.swift */; };
		358EABCC29F13AE8003A0A39 /* Dimens.swift in Sources */ = {isa = PBXBuildFile; fileRef = 358EABCB29F13AE8003A0A39 /* Dimens.swift */; };
		358EABCE29F13EA9003A0A39 /* yourname.jpeg in Resources */ = {isa = PBXBuildFile; fileRef = 358EABCD29F13EA9003A0A39 /* yourname.jpeg */; };
		358EABD029F13EB2003A0A39 /* actor.jpeg in Resources */ = {isa = PBXBuildFile; fileRef = 358EABCF29F13EB2003A0A39 /* actor.jpeg */; };
		358EABD229F13F58003A0A39 /* movie_poster.jpeg in Resources */ = {isa = PBXBuildFile; fileRef = 358EABD129F13F58003A0A39 /* movie_poster.jpeg */; };
		358EABD429F13FCA003A0A39 /* HomeView.swift in Sources */ = {isa = PBXBuildFile; fileRef = 358EABD329F13FCA003A0A39 /* HomeView.swift */; };
		358EABD629F1426F003A0A39 /* Colors.swift in Sources */ = {isa = PBXBuildFile; fileRef = 358EABD529F1426F003A0A39 /* Colors.swift */; };
		358EABD829F1427C003A0A39 /* Images.swift in Sources */ = {isa = PBXBuildFile; fileRef = 358EABD729F1427C003A0A39 /* Images.swift */; };
		358EABDA29F14288003A0A39 /* Strings.swift in Sources */ = {isa = PBXBuildFile; fileRef = 358EABD929F14288003A0A39 /* Strings.swift */; };
		358EABDD29F14A8C003A0A39 /* BannerItemView.swift in Sources */ = {isa = PBXBuildFile; fileRef = 358EABDC29F14A8C003A0A39 /* BannerItemView.swift */; };
		358EABDF29F156BD003A0A39 /* MovieItemView.swift in Sources */ = {isa = PBXBuildFile; fileRef = 358EABDE29F156BD003A0A39 /* MovieItemView.swift */; };
		358EABE129F1585F003A0A39 /* RatingBarView.swift in Sources */ = {isa = PBXBuildFile; fileRef = 358EABE029F1585F003A0A39 /* RatingBarView.swift */; };
		35AD078929FA8B9500281B4B /* ShowCaseMovieItemView.swift in Sources */ = {isa = PBXBuildFile; fileRef = 35AD078829FA8B9500281B4B /* ShowCaseMovieItemView.swift */; };
		35B273CD29F4F349007E686E /* GenreTabLayoutView.swift in Sources */ = {isa = PBXBuildFile; fileRef = 35B273CC29F4F349007E686E /* GenreTabLayoutView.swift */; };
		35B273D129F4F434007E686E /* GenreVO.swift in Sources */ = {isa = PBXBuildFile; fileRef = 35B273D029F4F434007E686E /* GenreVO.swift */; };
		35B273D429F4F4AD007E686E /* DummyData.swift in Sources */ = {isa = PBXBuildFile; fileRef = 35B273D329F4F4AD007E686E /* DummyData.swift */; };
		35BD2DF529FBC8EF0092E7A9 /* MovieDetailsView.swift in Sources */ = {isa = PBXBuildFile; fileRef = 35BD2DF429FBC8EF0092E7A9 /* MovieDetailsView.swift */; };
/* End PBXBuildFile section */

/* Begin PBXContainerItemProxy section */
		358EABAE29F1378A003A0A39 /* PBXContainerItemProxy */ = {
			isa = PBXContainerItemProxy;
			containerPortal = 358EAB9529F13789003A0A39 /* Project object */;
			proxyType = 1;
			remoteGlobalIDString = 358EAB9C29F13789003A0A39;
			remoteInfo = TheMovieSwiftUI;
		};
		358EABB829F1378A003A0A39 /* PBXContainerItemProxy */ = {
			isa = PBXContainerItemProxy;
			containerPortal = 358EAB9529F13789003A0A39 /* Project object */;
			proxyType = 1;
			remoteGlobalIDString = 358EAB9C29F13789003A0A39;
			remoteInfo = TheMovieSwiftUI;
		};
/* End PBXContainerItemProxy section */

/* Begin PBXFileReference section */
		358EAB9D29F13789003A0A39 /* TheMovieSwiftUI.app */ = {isa = PBXFileReference; explicitFileType = wrapper.application; includeInIndex = 0; path = TheMovieSwiftUI.app; sourceTree = BUILT_PRODUCTS_DIR; };
		358EABA029F13789003A0A39 /* TheMovieSwiftUIApp.swift */ = {isa = PBXFileReference; lastKnownFileType = sourcecode.swift; path = TheMovieSwiftUIApp.swift; sourceTree = "<group>"; };
		358EABA229F13789003A0A39 /* ContentView.swift */ = {isa = PBXFileReference; lastKnownFileType = sourcecode.swift; path = ContentView.swift; sourceTree = "<group>"; };
		358EABA429F1378A003A0A39 /* Assets.xcassets */ = {isa = PBXFileReference; lastKnownFileType = folder.assetcatalog; path = Assets.xcassets; sourceTree = "<group>"; };
		358EABA729F1378A003A0A39 /* Preview Assets.xcassets */ = {isa = PBXFileReference; lastKnownFileType = folder.assetcatalog; path = "Preview Assets.xcassets"; sourceTree = "<group>"; };
		358EABAD29F1378A003A0A39 /* TheMovieSwiftUITests.xctest */ = {isa = PBXFileReference; explicitFileType = wrapper.cfbundle; includeInIndex = 0; path = TheMovieSwiftUITests.xctest; sourceTree = BUILT_PRODUCTS_DIR; };
		358EABB129F1378A003A0A39 /* TheMovieSwiftUITests.swift */ = {isa = PBXFileReference; lastKnownFileType = sourcecode.swift; path = TheMovieSwiftUITests.swift; sourceTree = "<group>"; };
		358EABB729F1378A003A0A39 /* TheMovieSwiftUIUITests.xctest */ = {isa = PBXFileReference; explicitFileType = wrapper.cfbundle; includeInIndex = 0; path = TheMovieSwiftUIUITests.xctest; sourceTree = BUILT_PRODUCTS_DIR; };
		358EABBB29F1378A003A0A39 /* TheMovieSwiftUIUITests.swift */ = {isa = PBXFileReference; lastKnownFileType = sourcecode.swift; path = TheMovieSwiftUIUITests.swift; sourceTree = "<group>"; };
		358EABBD29F1378A003A0A39 /* TheMovieSwiftUIUITestsLaunchTests.swift */ = {isa = PBXFileReference; lastKnownFileType = sourcecode.swift; path = TheMovieSwiftUIUITestsLaunchTests.swift; sourceTree = "<group>"; };
		358EABCB29F13AE8003A0A39 /* Dimens.swift */ = {isa = PBXFileReference; lastKnownFileType = sourcecode.swift; path = Dimens.swift; sourceTree = "<group>"; };
		358EABCD29F13EA9003A0A39 /* yourname.jpeg */ = {isa = PBXFileReference; lastKnownFileType = image.jpeg; path = yourname.jpeg; sourceTree = "<group>"; };
		358EABCF29F13EB2003A0A39 /* actor.jpeg */ = {isa = PBXFileReference; lastKnownFileType = image.jpeg; path = actor.jpeg; sourceTree = "<group>"; };
		358EABD129F13F58003A0A39 /* movie_poster.jpeg */ = {isa = PBXFileReference; lastKnownFileType = image.jpeg; path = movie_poster.jpeg; sourceTree = "<group>"; };
		358EABD329F13FCA003A0A39 /* HomeView.swift */ = {isa = PBXFileReference; lastKnownFileType = sourcecode.swift; path = HomeView.swift; sourceTree = "<group>"; };
		358EABD529F1426F003A0A39 /* Colors.swift */ = {isa = PBXFileReference; lastKnownFileType = sourcecode.swift; path = Colors.swift; sourceTree = "<group>"; };
		358EABD729F1427C003A0A39 /* Images.swift */ = {isa = PBXFileReference; lastKnownFileType = sourcecode.swift; path = Images.swift; sourceTree = "<group>"; };
		358EABD929F14288003A0A39 /* Strings.swift */ = {isa = PBXFileReference; lastKnownFileType = sourcecode.swift; path = Strings.swift; sourceTree = "<group>"; };
		358EABDC29F14A8C003A0A39 /* BannerItemView.swift */ = {isa = PBXFileReference; lastKnownFileType = sourcecode.swift; path = BannerItemView.swift; sourceTree = "<group>"; };
		358EABDE29F156BD003A0A39 /* MovieItemView.swift */ = {isa = PBXFileReference; lastKnownFileType = sourcecode.swift; path = MovieItemView.swift; sourceTree = "<group>"; };
		358EABE029F1585F003A0A39 /* RatingBarView.swift */ = {isa = PBXFileReference; lastKnownFileType = sourcecode.swift; path = RatingBarView.swift; sourceTree = "<group>"; };
		35AD078829FA8B9500281B4B /* ShowCaseMovieItemView.swift */ = {isa = PBXFileReference; lastKnownFileType = sourcecode.swift; path = ShowCaseMovieItemView.swift; sourceTree = "<group>"; };
		35B273CC29F4F349007E686E /* GenreTabLayoutView.swift */ = {isa = PBXFileReference; lastKnownFileType = sourcecode.swift; path = GenreTabLayoutView.swift; sourceTree = "<group>"; };
		35B273D029F4F434007E686E /* GenreVO.swift */ = {isa = PBXFileReference; lastKnownFileType = sourcecode.swift; path = GenreVO.swift; sourceTree = "<group>"; };
		35B273D329F4F4AD007E686E /* DummyData.swift */ = {isa = PBXFileReference; lastKnownFileType = sourcecode.swift; path = DummyData.swift; sourceTree = "<group>"; };
		35BD2DF129FBACDA0092E7A9 /* ActorOrCreatorListView.swift */ = {isa = PBXFileReference; lastKnownFileType = sourcecode.swift; path = ActorOrCreatorListView.swift; sourceTree = "<group>"; };
		35BD2DF429FBC8EF0092E7A9 /* MovieDetailsView.swift */ = {isa = PBXFileReference; lastKnownFileType = sourcecode.swift; path = MovieDetailsView.swift; sourceTree = "<group>"; };
/* End PBXFileReference section */

/* Begin PBXFrameworksBuildPhase section */
		358EAB9A29F13789003A0A39 /* Frameworks */ = {
			isa = PBXFrameworksBuildPhase;
			buildActionMask = 2147483647;
			files = (
			);
			runOnlyForDeploymentPostprocessing = 0;
		};
		358EABAA29F1378A003A0A39 /* Frameworks */ = {
			isa = PBXFrameworksBuildPhase;
			buildActionMask = 2147483647;
			files = (
			);
			runOnlyForDeploymentPostprocessing = 0;
		};
		358EABB429F1378A003A0A39 /* Frameworks */ = {
			isa = PBXFrameworksBuildPhase;
			buildActionMask = 2147483647;
			files = (
			);
			runOnlyForDeploymentPostprocessing = 0;
		};
/* End PBXFrameworksBuildPhase section */

/* Begin PBXGroup section */
		358EAB9429F13789003A0A39 = {
			isa = PBXGroup;
			children = (
				358EAB9F29F13789003A0A39 /* TheMovieSwiftUI */,
				358EABB029F1378A003A0A39 /* TheMovieSwiftUITests */,
				358EABBA29F1378A003A0A39 /* TheMovieSwiftUIUITests */,
				358EAB9E29F13789003A0A39 /* Products */,
			);
			sourceTree = "<group>";
		};
		358EAB9E29F13789003A0A39 /* Products */ = {
			isa = PBXGroup;
			children = (
				358EAB9D29F13789003A0A39 /* TheMovieSwiftUI.app */,
				358EABAD29F1378A003A0A39 /* TheMovieSwiftUITests.xctest */,
				358EABB729F1378A003A0A39 /* TheMovieSwiftUIUITests.xctest */,
			);
			name = Products;
			sourceTree = "<group>";
		};
		358EAB9F29F13789003A0A39 /* TheMovieSwiftUI */ = {
			isa = PBXGroup;
			children = (
				35BD2DF329FBC8D80092E7A9 /* pages */,
				35B273D229F4F496007E686E /* dummy */,
				35B273CE29F4F400007E686E /* data */,
				358EABDB29F14A7C003A0A39 /* components */,
				358EABCA29F13AC4003A0A39 /* utils */,
				358EABA029F13789003A0A39 /* TheMovieSwiftUIApp.swift */,
				358EABA229F13789003A0A39 /* ContentView.swift */,
				358EABA429F1378A003A0A39 /* Assets.xcassets */,
				358EABD129F13F58003A0A39 /* movie_poster.jpeg */,
				358EABCF29F13EB2003A0A39 /* actor.jpeg */,
				358EABCD29F13EA9003A0A39 /* yourname.jpeg */,
				358EABA629F1378A003A0A39 /* Preview Content */,
			);
			path = TheMovieSwiftUI;
			sourceTree = "<group>";
		};
		358EABA629F1378A003A0A39 /* Preview Content */ = {
			isa = PBXGroup;
			children = (
				358EABA729F1378A003A0A39 /* Preview Assets.xcassets */,
			);
			path = "Preview Content";
			sourceTree = "<group>";
		};
		358EABB029F1378A003A0A39 /* TheMovieSwiftUITests */ = {
			isa = PBXGroup;
			children = (
				358EABB129F1378A003A0A39 /* TheMovieSwiftUITests.swift */,
			);
			path = TheMovieSwiftUITests;
			sourceTree = "<group>";
		};
		358EABBA29F1378A003A0A39 /* TheMovieSwiftUIUITests */ = {
			isa = PBXGroup;
			children = (
				358EABBB29F1378A003A0A39 /* TheMovieSwiftUIUITests.swift */,
				358EABBD29F1378A003A0A39 /* TheMovieSwiftUIUITestsLaunchTests.swift */,
			);
			path = TheMovieSwiftUIUITests;
			sourceTree = "<group>";
		};
		358EABCA29F13AC4003A0A39 /* utils */ = {
			isa = PBXGroup;
			children = (
				358EABCB29F13AE8003A0A39 /* Dimens.swift */,
				358EABD529F1426F003A0A39 /* Colors.swift */,
				358EABD729F1427C003A0A39 /* Images.swift */,
				358EABD929F14288003A0A39 /* Strings.swift */,
			);
			path = utils;
			sourceTree = "<group>";
		};
		358EABDB29F14A7C003A0A39 /* components */ = {
			isa = PBXGroup;
			children = (
				358EABDC29F14A8C003A0A39 /* BannerItemView.swift */,
				358EABDE29F156BD003A0A39 /* MovieItemView.swift */,
				358EABE029F1585F003A0A39 /* RatingBarView.swift */,
				35B273CC29F4F349007E686E /* GenreTabLayoutView.swift */,
				35AD078829FA8B9500281B4B /* ShowCaseMovieItemView.swift */,
				35BD2DF129FBACDA0092E7A9 /* ActorOrCreatorListView.swift */,
			);
			path = components;
			sourceTree = "<group>";
		};
		35B273CE29F4F400007E686E /* data */ = {
			isa = PBXGroup;
			children = (
				35B273CF29F4F423007E686E /* VO */,
			);
			path = data;
			sourceTree = "<group>";
		};
		35B273CF29F4F423007E686E /* VO */ = {
			isa = PBXGroup;
			children = (
				35B273D029F4F434007E686E /* GenreVO.swift */,
			);
			path = VO;
			sourceTree = "<group>";
		};
		35B273D229F4F496007E686E /* dummy */ = {
			isa = PBXGroup;
			children = (
				35B273D329F4F4AD007E686E /* DummyData.swift */,
			);
			path = dummy;
			sourceTree = "<group>";
		};
		35BD2DF329FBC8D80092E7A9 /* pages */ = {
			isa = PBXGroup;
			children = (
				358EABD329F13FCA003A0A39 /* HomeView.swift */,
				35BD2DF429FBC8EF0092E7A9 /* MovieDetailsView.swift */,
			);
			path = pages;
			sourceTree = "<group>";
		};
/* End PBXGroup section */

/* Begin PBXNativeTarget section */
		358EAB9C29F13789003A0A39 /* TheMovieSwiftUI */ = {
			isa = PBXNativeTarget;
			buildConfigurationList = 358EABC129F1378A003A0A39 /* Build configuration list for PBXNativeTarget "TheMovieSwiftUI" */;
			buildPhases = (
				358EAB9929F13789003A0A39 /* Sources */,
				358EAB9A29F13789003A0A39 /* Frameworks */,
				358EAB9B29F13789003A0A39 /* Resources */,
			);
			buildRules = (
			);
			dependencies = (
			);
			name = TheMovieSwiftUI;
			productName = TheMovieSwiftUI;
			productReference = 358EAB9D29F13789003A0A39 /* TheMovieSwiftUI.app */;
			productType = "com.apple.product-type.application";
		};
		358EABAC29F1378A003A0A39 /* TheMovieSwiftUITests */ = {
			isa = PBXNativeTarget;
			buildConfigurationList = 358EABC429F1378A003A0A39 /* Build configuration list for PBXNativeTarget "TheMovieSwiftUITests" */;
			buildPhases = (
				358EABA929F1378A003A0A39 /* Sources */,
				358EABAA29F1378A003A0A39 /* Frameworks */,
				358EABAB29F1378A003A0A39 /* Resources */,
			);
			buildRules = (
			);
			dependencies = (
				358EABAF29F1378A003A0A39 /* PBXTargetDependency */,
			);
			name = TheMovieSwiftUITests;
			productName = TheMovieSwiftUITests;
			productReference = 358EABAD29F1378A003A0A39 /* TheMovieSwiftUITests.xctest */;
			productType = "com.apple.product-type.bundle.unit-test";
		};
		358EABB629F1378A003A0A39 /* TheMovieSwiftUIUITests */ = {
			isa = PBXNativeTarget;
			buildConfigurationList = 358EABC729F1378A003A0A39 /* Build configuration list for PBXNativeTarget "TheMovieSwiftUIUITests" */;
			buildPhases = (
				358EABB329F1378A003A0A39 /* Sources */,
				358EABB429F1378A003A0A39 /* Frameworks */,
				358EABB529F1378A003A0A39 /* Resources */,
			);
			buildRules = (
			);
			dependencies = (
				358EABB929F1378A003A0A39 /* PBXTargetDependency */,
			);
			name = TheMovieSwiftUIUITests;
			productName = TheMovieSwiftUIUITests;
			productReference = 358EABB729F1378A003A0A39 /* TheMovieSwiftUIUITests.xctest */;
			productType = "com.apple.product-type.bundle.ui-testing";
		};
/* End PBXNativeTarget section */

/* Begin PBXProject section */
		358EAB9529F13789003A0A39 /* Project object */ = {
			isa = PBXProject;
			attributes = {
				BuildIndependentTargetsInParallel = 1;
				LastSwiftUpdateCheck = 1410;
				LastUpgradeCheck = 1410;
				TargetAttributes = {
					358EAB9C29F13789003A0A39 = {
						CreatedOnToolsVersion = 14.1;
					};
					358EABAC29F1378A003A0A39 = {
						CreatedOnToolsVersion = 14.1;
						TestTargetID = 358EAB9C29F13789003A0A39;
					};
					358EABB629F1378A003A0A39 = {
						CreatedOnToolsVersion = 14.1;
						TestTargetID = 358EAB9C29F13789003A0A39;
					};
				};
			};
			buildConfigurationList = 358EAB9829F13789003A0A39 /* Build configuration list for PBXProject "TheMovieSwiftUI" */;
			compatibilityVersion = "Xcode 14.0";
			developmentRegion = en;
			hasScannedForEncodings = 0;
			knownRegions = (
				en,
				Base,
			);
			mainGroup = 358EAB9429F13789003A0A39;
			productRefGroup = 358EAB9E29F13789003A0A39 /* Products */;
			projectDirPath = "";
			projectRoot = "";
			targets = (
				358EAB9C29F13789003A0A39 /* TheMovieSwiftUI */,
				358EABAC29F1378A003A0A39 /* TheMovieSwiftUITests */,
				358EABB629F1378A003A0A39 /* TheMovieSwiftUIUITests */,
			);
		};
/* End PBXProject section */

/* Begin PBXResourcesBuildPhase section */
		358EAB9B29F13789003A0A39 /* Resources */ = {
			isa = PBXResourcesBuildPhase;
			buildActionMask = 2147483647;
			files = (
				358EABA829F1378A003A0A39 /* Preview Assets.xcassets in Resources */,
				358EABA529F1378A003A0A39 /* Assets.xcassets in Resources */,
				358EABCE29F13EA9003A0A39 /* yourname.jpeg in Resources */,
				358EABD229F13F58003A0A39 /* movie_poster.jpeg in Resources */,
				358EABD029F13EB2003A0A39 /* actor.jpeg in Resources */,
			);
			runOnlyForDeploymentPostprocessing = 0;
		};
		358EABAB29F1378A003A0A39 /* Resources */ = {
			isa = PBXResourcesBuildPhase;
			buildActionMask = 2147483647;
			files = (
			);
			runOnlyForDeploymentPostprocessing = 0;
		};
		358EABB529F1378A003A0A39 /* Resources */ = {
			isa = PBXResourcesBuildPhase;
			buildActionMask = 2147483647;
			files = (
			);
			runOnlyForDeploymentPostprocessing = 0;
		};
/* End PBXResourcesBuildPhase section */

/* Begin PBXSourcesBuildPhase section */
		358EAB9929F13789003A0A39 /* Sources */ = {
			isa = PBXSourcesBuildPhase;
			buildActionMask = 2147483647;
			files = (
				358EABCC29F13AE8003A0A39 /* Dimens.swift in Sources */,
				358EABD829F1427C003A0A39 /* Images.swift in Sources */,
				35BD2DF529FBC8EF0092E7A9 /* MovieDetailsView.swift in Sources */,
				358EABD629F1426F003A0A39 /* Colors.swift in Sources */,
				358EABD429F13FCA003A0A39 /* HomeView.swift in Sources */,
				358EABA329F13789003A0A39 /* ContentView.swift in Sources */,
				35B273CD29F4F349007E686E /* GenreTabLayoutView.swift in Sources */,
				35B273D129F4F434007E686E /* GenreVO.swift in Sources */,
				3574823A29FBCBA8008BC19B /* ActorOrCreatorListView.swift in Sources */,
				35AD078929FA8B9500281B4B /* ShowCaseMovieItemView.swift in Sources */,
				358EABA129F13789003A0A39 /* TheMovieSwiftUIApp.swift in Sources */,
				358EABDF29F156BD003A0A39 /* MovieItemView.swift in Sources */,
				358EABE129F1585F003A0A39 /* RatingBarView.swift in Sources */,
				358EABDA29F14288003A0A39 /* Strings.swift in Sources */,
				35B273D429F4F4AD007E686E /* DummyData.swift in Sources */,
				358EABDD29F14A8C003A0A39 /* BannerItemView.swift in Sources */,
			);
			runOnlyForDeploymentPostprocessing = 0;
		};
		358EABA929F1378A003A0A39 /* Sources */ = {
			isa = PBXSourcesBuildPhase;
			buildActionMask = 2147483647;
			files = (
				358EABB229F1378A003A0A39 /* TheMovieSwiftUITests.swift in Sources */,
			);
			runOnlyForDeploymentPostprocessing = 0;
		};
		358EABB329F1378A003A0A39 /* Sources */ = {
			isa = PBXSourcesBuildPhase;
			buildActionMask = 2147483647;
			files = (
				358EABBC29F1378A003A0A39 /* TheMovieSwiftUIUITests.swift in Sources */,
				358EABBE29F1378A003A0A39 /* TheMovieSwiftUIUITestsLaunchTests.swift in Sources */,
			);
			runOnlyForDeploymentPostprocessing = 0;
		};
/* End PBXSourcesBuildPhase section */

/* Begin PBXTargetDependency section */
		358EABAF29F1378A003A0A39 /* PBXTargetDependency */ = {
			isa = PBXTargetDependency;
			target = 358EAB9C29F13789003A0A39 /* TheMovieSwiftUI */;
			targetProxy = 358EABAE29F1378A003A0A39 /* PBXContainerItemProxy */;
		};
		358EABB929F1378A003A0A39 /* PBXTargetDependency */ = {
			isa = PBXTargetDependency;
			target = 358EAB9C29F13789003A0A39 /* TheMovieSwiftUI */;
			targetProxy = 358EABB829F1378A003A0A39 /* PBXContainerItemProxy */;
		};
/* End PBXTargetDependency section */

/* Begin XCBuildConfiguration section */
		358EABBF29F1378A003A0A39 /* Debug */ = {
			isa = XCBuildConfiguration;
			buildSettings = {
				ALWAYS_SEARCH_USER_PATHS = NO;
				CLANG_ANALYZER_NONNULL = YES;
				CLANG_ANALYZER_NUMBER_OBJECT_CONVERSION = YES_AGGRESSIVE;
				CLANG_CXX_LANGUAGE_STANDARD = "gnu++20";
				CLANG_ENABLE_MODULES = YES;
				CLANG_ENABLE_OBJC_ARC = YES;
				CLANG_ENABLE_OBJC_WEAK = YES;
				CLANG_WARN_BLOCK_CAPTURE_AUTORELEASING = YES;
				CLANG_WARN_BOOL_CONVERSION = YES;
				CLANG_WARN_COMMA = YES;
				CLANG_WARN_CONSTANT_CONVERSION = YES;
				CLANG_WARN_DEPRECATED_OBJC_IMPLEMENTATIONS = YES;
				CLANG_WARN_DIRECT_OBJC_ISA_USAGE = YES_ERROR;
				CLANG_WARN_DOCUMENTATION_COMMENTS = YES;
				CLANG_WARN_EMPTY_BODY = YES;
				CLANG_WARN_ENUM_CONVERSION = YES;
				CLANG_WARN_INFINITE_RECURSION = YES;
				CLANG_WARN_INT_CONVERSION = YES;
				CLANG_WARN_NON_LITERAL_NULL_CONVERSION = YES;
				CLANG_WARN_OBJC_IMPLICIT_RETAIN_SELF = YES;
				CLANG_WARN_OBJC_LITERAL_CONVERSION = YES;
				CLANG_WARN_OBJC_ROOT_CLASS = YES_ERROR;
				CLANG_WARN_QUOTED_INCLUDE_IN_FRAMEWORK_HEADER = YES;
				CLANG_WARN_RANGE_LOOP_ANALYSIS = YES;
				CLANG_WARN_STRICT_PROTOTYPES = YES;
				CLANG_WARN_SUSPICIOUS_MOVE = YES;
				CLANG_WARN_UNGUARDED_AVAILABILITY = YES_AGGRESSIVE;
				CLANG_WARN_UNREACHABLE_CODE = YES;
				CLANG_WARN__DUPLICATE_METHOD_MATCH = YES;
				COPY_PHASE_STRIP = NO;
				DEBUG_INFORMATION_FORMAT = dwarf;
				ENABLE_STRICT_OBJC_MSGSEND = YES;
				ENABLE_TESTABILITY = YES;
				GCC_C_LANGUAGE_STANDARD = gnu11;
				GCC_DYNAMIC_NO_PIC = NO;
				GCC_NO_COMMON_BLOCKS = YES;
				GCC_OPTIMIZATION_LEVEL = 0;
				GCC_PREPROCESSOR_DEFINITIONS = (
					"DEBUG=1",
					"$(inherited)",
				);
				GCC_WARN_64_TO_32_BIT_CONVERSION = YES;
				GCC_WARN_ABOUT_RETURN_TYPE = YES_ERROR;
				GCC_WARN_UNDECLARED_SELECTOR = YES;
				GCC_WARN_UNINITIALIZED_AUTOS = YES_AGGRESSIVE;
				GCC_WARN_UNUSED_FUNCTION = YES;
				GCC_WARN_UNUSED_VARIABLE = YES;
				IPHONEOS_DEPLOYMENT_TARGET = 16.1;
				MTL_ENABLE_DEBUG_INFO = INCLUDE_SOURCE;
				MTL_FAST_MATH = YES;
				ONLY_ACTIVE_ARCH = YES;
				SDKROOT = iphoneos;
				SWIFT_ACTIVE_COMPILATION_CONDITIONS = DEBUG;
				SWIFT_OPTIMIZATION_LEVEL = "-Onone";
			};
			name = Debug;
		};
		358EABC029F1378A003A0A39 /* Release */ = {
			isa = XCBuildConfiguration;
			buildSettings = {
				ALWAYS_SEARCH_USER_PATHS = NO;
				CLANG_ANALYZER_NONNULL = YES;
				CLANG_ANALYZER_NUMBER_OBJECT_CONVERSION = YES_AGGRESSIVE;
				CLANG_CXX_LANGUAGE_STANDARD = "gnu++20";
				CLANG_ENABLE_MODULES = YES;
				CLANG_ENABLE_OBJC_ARC = YES;
				CLANG_ENABLE_OBJC_WEAK = YES;
				CLANG_WARN_BLOCK_CAPTURE_AUTORELEASING = YES;
				CLANG_WARN_BOOL_CONVERSION = YES;
				CLANG_WARN_COMMA = YES;
				CLANG_WARN_CONSTANT_CONVERSION = YES;
				CLANG_WARN_DEPRECATED_OBJC_IMPLEMENTATIONS = YES;
				CLANG_WARN_DIRECT_OBJC_ISA_USAGE = YES_ERROR;
				CLANG_WARN_DOCUMENTATION_COMMENTS = YES;
				CLANG_WARN_EMPTY_BODY = YES;
				CLANG_WARN_ENUM_CONVERSION = YES;
				CLANG_WARN_INFINITE_RECURSION = YES;
				CLANG_WARN_INT_CONVERSION = YES;
				CLANG_WARN_NON_LITERAL_NULL_CONVERSION = YES;
				CLANG_WARN_OBJC_IMPLICIT_RETAIN_SELF = YES;
				CLANG_WARN_OBJC_LITERAL_CONVERSION = YES;
				CLANG_WARN_OBJC_ROOT_CLASS = YES_ERROR;
				CLANG_WARN_QUOTED_INCLUDE_IN_FRAMEWORK_HEADER = YES;
				CLANG_WARN_RANGE_LOOP_ANALYSIS = YES;
				CLANG_WARN_STRICT_PROTOTYPES = YES;
				CLANG_WARN_SUSPICIOUS_MOVE = YES;
				CLANG_WARN_UNGUARDED_AVAILABILITY = YES_AGGRESSIVE;
				CLANG_WARN_UNREACHABLE_CODE = YES;
				CLANG_WARN__DUPLICATE_METHOD_MATCH = YES;
				COPY_PHASE_STRIP = NO;
				DEBUG_INFORMATION_FORMAT = "dwarf-with-dsym";
				ENABLE_NS_ASSERTIONS = NO;
				ENABLE_STRICT_OBJC_MSGSEND = YES;
				GCC_C_LANGUAGE_STANDARD = gnu11;
				GCC_NO_COMMON_BLOCKS = YES;
				GCC_WARN_64_TO_32_BIT_CONVERSION = YES;
				GCC_WARN_ABOUT_RETURN_TYPE = YES_ERROR;
				GCC_WARN_UNDECLARED_SELECTOR = YES;
				GCC_WARN_UNINITIALIZED_AUTOS = YES_AGGRESSIVE;
				GCC_WARN_UNUSED_FUNCTION = YES;
				GCC_WARN_UNUSED_VARIABLE = YES;
				IPHONEOS_DEPLOYMENT_TARGET = 16.1;
				MTL_ENABLE_DEBUG_INFO = NO;
				MTL_FAST_MATH = YES;
				SDKROOT = iphoneos;
				SWIFT_COMPILATION_MODE = wholemodule;
				SWIFT_OPTIMIZATION_LEVEL = "-O";
				VALIDATE_PRODUCT = YES;
			};
			name = Release;
		};
		358EABC229F1378A003A0A39 /* Debug */ = {
			isa = XCBuildConfiguration;
			buildSettings = {
				ASSETCATALOG_COMPILER_APPICON_NAME = AppIcon;
				ASSETCATALOG_COMPILER_GLOBAL_ACCENT_COLOR_NAME = AccentColor;
				CODE_SIGN_STYLE = Automatic;
				CURRENT_PROJECT_VERSION = 1;
				DEVELOPMENT_ASSET_PATHS = "\"TheMovieSwiftUI/Preview Content\"";
				DEVELOPMENT_TEAM = 3GP6WDTK8C;
				ENABLE_PREVIEWS = YES;
				GENERATE_INFOPLIST_FILE = YES;
				INFOPLIST_KEY_UIApplicationSceneManifest_Generation = YES;
				INFOPLIST_KEY_UIApplicationSupportsIndirectInputEvents = YES;
				INFOPLIST_KEY_UILaunchScreen_Generation = YES;
				INFOPLIST_KEY_UISupportedInterfaceOrientations_iPad = "UIInterfaceOrientationPortrait UIInterfaceOrientationPortraitUpsideDown UIInterfaceOrientationLandscapeLeft UIInterfaceOrientationLandscapeRight";
				INFOPLIST_KEY_UISupportedInterfaceOrientations_iPhone = "UIInterfaceOrientationPortrait UIInterfaceOrientationLandscapeLeft UIInterfaceOrientationLandscapeRight";
				LD_RUNPATH_SEARCH_PATHS = (
					"$(inherited)",
					"@executable_path/Frameworks",
				);
				MARKETING_VERSION = 1.0;
				PRODUCT_BUNDLE_IDENTIFIER = ai.seventhsense.test.TheMovieSwiftUI;
				PRODUCT_NAME = "$(TARGET_NAME)";
				SWIFT_EMIT_LOC_STRINGS = YES;
				SWIFT_VERSION = 5.0;
				TARGETED_DEVICE_FAMILY = "1,2";
			};
			name = Debug;
		};
		358EABC329F1378A003A0A39 /* Release */ = {
			isa = XCBuildConfiguration;
			buildSettings = {
				ASSETCATALOG_COMPILER_APPICON_NAME = AppIcon;
				ASSETCATALOG_COMPILER_GLOBAL_ACCENT_COLOR_NAME = AccentColor;
				CODE_SIGN_STYLE = Automatic;
				CURRENT_PROJECT_VERSION = 1;
				DEVELOPMENT_ASSET_PATHS = "\"TheMovieSwiftUI/Preview Content\"";
				DEVELOPMENT_TEAM = 3GP6WDTK8C;
				ENABLE_PREVIEWS = YES;
				GENERATE_INFOPLIST_FILE = YES;
				INFOPLIST_KEY_UIApplicationSceneManifest_Generation = YES;
				INFOPLIST_KEY_UIApplicationSupportsIndirectInputEvents = YES;
				INFOPLIST_KEY_UILaunchScreen_Generation = YES;
				INFOPLIST_KEY_UISupportedInterfaceOrientations_iPad = "UIInterfaceOrientationPortrait UIInterfaceOrientationPortraitUpsideDown UIInterfaceOrientationLandscapeLeft UIInterfaceOrientationLandscapeRight";
				INFOPLIST_KEY_UISupportedInterfaceOrientations_iPhone = "UIInterfaceOrientationPortrait UIInterfaceOrientationLandscapeLeft UIInterfaceOrientationLandscapeRight";
				LD_RUNPATH_SEARCH_PATHS = (
					"$(inherited)",
					"@executable_path/Frameworks",
				);
				MARKETING_VERSION = 1.0;
				PRODUCT_BUNDLE_IDENTIFIER = ai.seventhsense.test.TheMovieSwiftUI;
				PRODUCT_NAME = "$(TARGET_NAME)";
				SWIFT_EMIT_LOC_STRINGS = YES;
				SWIFT_VERSION = 5.0;
				TARGETED_DEVICE_FAMILY = "1,2";
			};
			name = Release;
		};
		358EABC529F1378A003A0A39 /* Debug */ = {
			isa = XCBuildConfiguration;
			buildSettings = {
				ALWAYS_EMBED_SWIFT_STANDARD_LIBRARIES = YES;
				BUNDLE_LOADER = "$(TEST_HOST)";
				CODE_SIGN_STYLE = Automatic;
				CURRENT_PROJECT_VERSION = 1;
				DEVELOPMENT_TEAM = BKQZJZBZM5;
				GENERATE_INFOPLIST_FILE = YES;
				IPHONEOS_DEPLOYMENT_TARGET = 16.1;
				MARKETING_VERSION = 1.0;
				PRODUCT_BUNDLE_IDENTIFIER = ai.seventhsense.test.TheMovieSwiftUITests;
				PRODUCT_NAME = "$(TARGET_NAME)";
				SWIFT_EMIT_LOC_STRINGS = NO;
				SWIFT_VERSION = 5.0;
				TARGETED_DEVICE_FAMILY = "1,2";
				TEST_HOST = "$(BUILT_PRODUCTS_DIR)/TheMovieSwiftUI.app/$(BUNDLE_EXECUTABLE_FOLDER_PATH)/TheMovieSwiftUI";
			};
			name = Debug;
		};
		358EABC629F1378A003A0A39 /* Release */ = {
			isa = XCBuildConfiguration;
			buildSettings = {
				ALWAYS_EMBED_SWIFT_STANDARD_LIBRARIES = YES;
				BUNDLE_LOADER = "$(TEST_HOST)";
				CODE_SIGN_STYLE = Automatic;
				CURRENT_PROJECT_VERSION = 1;
				DEVELOPMENT_TEAM = BKQZJZBZM5;
				GENERATE_INFOPLIST_FILE = YES;
				IPHONEOS_DEPLOYMENT_TARGET = 16.1;
				MARKETING_VERSION = 1.0;
				PRODUCT_BUNDLE_IDENTIFIER = ai.seventhsense.test.TheMovieSwiftUITests;
				PRODUCT_NAME = "$(TARGET_NAME)";
				SWIFT_EMIT_LOC_STRINGS = NO;
				SWIFT_VERSION = 5.0;
				TARGETED_DEVICE_FAMILY = "1,2";
				TEST_HOST = "$(BUILT_PRODUCTS_DIR)/TheMovieSwiftUI.app/$(BUNDLE_EXECUTABLE_FOLDER_PATH)/TheMovieSwiftUI";
			};
			name = Release;
		};
		358EABC829F1378A003A0A39 /* Debug */ = {
			isa = XCBuildConfiguration;
			buildSettings = {
				ALWAYS_EMBED_SWIFT_STANDARD_LIBRARIES = YES;
				CODE_SIGN_STYLE = Automatic;
				CURRENT_PROJECT_VERSION = 1;
				DEVELOPMENT_TEAM = BKQZJZBZM5;
				GENERATE_INFOPLIST_FILE = YES;
				MARKETING_VERSION = 1.0;
				PRODUCT_BUNDLE_IDENTIFIER = ai.seventhsense.test.TheMovieSwiftUIUITests;
				PRODUCT_NAME = "$(TARGET_NAME)";
				SWIFT_EMIT_LOC_STRINGS = NO;
				SWIFT_VERSION = 5.0;
				TARGETED_DEVICE_FAMILY = "1,2";
				TEST_TARGET_NAME = TheMovieSwiftUI;
			};
			name = Debug;
		};
		358EABC929F1378A003A0A39 /* Release */ = {
			isa = XCBuildConfiguration;
			buildSettings = {
				ALWAYS_EMBED_SWIFT_STANDARD_LIBRARIES = YES;
				CODE_SIGN_STYLE = Automatic;
				CURRENT_PROJECT_VERSION = 1;
				DEVELOPMENT_TEAM = BKQZJZBZM5;
				GENERATE_INFOPLIST_FILE = YES;
				MARKETING_VERSION = 1.0;
				PRODUCT_BUNDLE_IDENTIFIER = ai.seventhsense.test.TheMovieSwiftUIUITests;
				PRODUCT_NAME = "$(TARGET_NAME)";
				SWIFT_EMIT_LOC_STRINGS = NO;
				SWIFT_VERSION = 5.0;
				TARGETED_DEVICE_FAMILY = "1,2";
				TEST_TARGET_NAME = TheMovieSwiftUI;
			};
			name = Release;
		};
/* End XCBuildConfiguration section */

/* Begin XCConfigurationList section */
		358EAB9829F13789003A0A39 /* Build configuration list for PBXProject "TheMovieSwiftUI" */ = {
			isa = XCConfigurationList;
			buildConfigurations = (
				358EABBF29F1378A003A0A39 /* Debug */,
				358EABC029F1378A003A0A39 /* Release */,
			);
			defaultConfigurationIsVisible = 0;
			defaultConfigurationName = Release;
		};
		358EABC129F1378A003A0A39 /* Build configuration list for PBXNativeTarget "TheMovieSwiftUI" */ = {
			isa = XCConfigurationList;
			buildConfigurations = (
				358EABC229F1378A003A0A39 /* Debug */,
				358EABC329F1378A003A0A39 /* Release */,
			);
			defaultConfigurationIsVisible = 0;
			defaultConfigurationName = Release;
		};
		358EABC429F1378A003A0A39 /* Build configuration list for PBXNativeTarget "TheMovieSwiftUITests" */ = {
			isa = XCConfigurationList;
			buildConfigurations = (
				358EABC529F1378A003A0A39 /* Debug */,
				358EABC629F1378A003A0A39 /* Release */,
			);
			defaultConfigurationIsVisible = 0;
			defaultConfigurationName = Release;
		};
		358EABC729F1378A003A0A39 /* Build configuration list for PBXNativeTarget "TheMovieSwiftUIUITests" */ = {
			isa = XCConfigurationList;
			buildConfigurations = (
				358EABC829F1378A003A0A39 /* Debug */,
				358EABC929F1378A003A0A39 /* Release */,
			);
			defaultConfigurationIsVisible = 0;
			defaultConfigurationName = Release;
		};
/* End XCConfigurationList section */
	};
	rootObject = 358EAB9529F13789003A0A39 /* Project object */;
}
